// !$*UTF8*$!
{
	archiveVersion = 1;
	classes = {
	};
	objectVersion = 56;
	objects = {

/* Begin PBXBuildFile section */
		937710012BF2BA9D00AC5535 /* Pokedex_ExplorerApp.swift in Sources */ = {isa = PBXBuildFile; fileRef = 937710002BF2BA9D00AC5535 /* Pokedex_ExplorerApp.swift */; };
		937710052BF2BA9E00AC5535 /* Assets.xcassets in Resources */ = {isa = PBXBuildFile; fileRef = 937710042BF2BA9E00AC5535 /* Assets.xcassets */; };
		937710092BF2BA9E00AC5535 /* Preview Assets.xcassets in Resources */ = {isa = PBXBuildFile; fileRef = 937710082BF2BA9E00AC5535 /* Preview Assets.xcassets */; };
		937710132BF2BA9F00AC5535 /* HomeViewModelTests.swift in Sources */ = {isa = PBXBuildFile; fileRef = 937710122BF2BA9F00AC5535 /* HomeViewModelTests.swift */; };
		9377101D2BF2BA9F00AC5535 /* Pokedex_ExplorerUITests.swift in Sources */ = {isa = PBXBuildFile; fileRef = 9377101C2BF2BA9F00AC5535 /* Pokedex_ExplorerUITests.swift */; };
		9377101F2BF2BA9F00AC5535 /* Pokedex_ExplorerUITestsLaunchTests.swift in Sources */ = {isa = PBXBuildFile; fileRef = 9377101E2BF2BA9F00AC5535 /* Pokedex_ExplorerUITestsLaunchTests.swift */; };
		937710312BF3657200AC5535 /* NetworkManager.swift in Sources */ = {isa = PBXBuildFile; fileRef = 937710302BF3657200AC5535 /* NetworkManager.swift */; };
		937710332BF368BA00AC5535 /* HomeView.swift in Sources */ = {isa = PBXBuildFile; fileRef = 937710322BF368BA00AC5535 /* HomeView.swift */; };
		9377103C2BF36B9100AC5535 /* HomeViewModel.swift in Sources */ = {isa = PBXBuildFile; fileRef = 9377103B2BF36B9100AC5535 /* HomeViewModel.swift */; };
		9377103E2BF3712500AC5535 /* Pokemons.swift in Sources */ = {isa = PBXBuildFile; fileRef = 9377103D2BF3712500AC5535 /* Pokemons.swift */; };
		937710422BF3759B00AC5535 /* PokemonAPI.swift in Sources */ = {isa = PBXBuildFile; fileRef = 937710412BF3759B00AC5535 /* PokemonAPI.swift */; };
		9377104F2BF4B5B300AC5535 /* DetailView.swift in Sources */ = {isa = PBXBuildFile; fileRef = 9377104E2BF4B5B300AC5535 /* DetailView.swift */; };
		937710512BF4B60200AC5535 /* DetailVIewModel.swift in Sources */ = {isa = PBXBuildFile; fileRef = 937710502BF4B60200AC5535 /* DetailVIewModel.swift */; };
		937710532BF4B7B600AC5535 /* PokemonDetails.swift in Sources */ = {isa = PBXBuildFile; fileRef = 937710522BF4B7B600AC5535 /* PokemonDetails.swift */; };
		937710552BF4C2C100AC5535 /* PokemonImageView.swift in Sources */ = {isa = PBXBuildFile; fileRef = 937710542BF4C2C100AC5535 /* PokemonImageView.swift */; };
		937710592BF4F5E000AC5535 /* StringProtocol+Extension.swift in Sources */ = {isa = PBXBuildFile; fileRef = 937710582BF4F5E000AC5535 /* StringProtocol+Extension.swift */; };
		9377105C2BF4FA9100AC5535 /* ColorUtility.swift in Sources */ = {isa = PBXBuildFile; fileRef = 9377105B2BF4FA9100AC5535 /* ColorUtility.swift */; };
		9377105F2BF5068B00AC5535 /* SortingOrder.swift in Sources */ = {isa = PBXBuildFile; fileRef = 9377105E2BF5068B00AC5535 /* SortingOrder.swift */; };
		937710612BF5114B00AC5535 /* UINavigationController+Extension.swift in Sources */ = {isa = PBXBuildFile; fileRef = 937710602BF5114B00AC5535 /* UINavigationController+Extension.swift */; };
		937710682BF5468100AC5535 /* Kingfisher in Frameworks */ = {isa = PBXBuildFile; productRef = 937710672BF5468100AC5535 /* Kingfisher */; };
		9377106A2BF546A700AC5535 /* Kingfisher in Frameworks */ = {isa = PBXBuildFile; productRef = 937710692BF546A700AC5535 /* Kingfisher */; };
		9377106C2BF546AD00AC5535 /* Kingfisher in Frameworks */ = {isa = PBXBuildFile; productRef = 9377106B2BF546AD00AC5535 /* Kingfisher */; };
		9377106E2BF562D300AC5535 /* DetailViewModelTests.swift in Sources */ = {isa = PBXBuildFile; fileRef = 9377106D2BF562D300AC5535 /* DetailViewModelTests.swift */; };
		937710722BF5691B00AC5535 /* NetworkError.swift in Sources */ = {isa = PBXBuildFile; fileRef = 937710712BF5691B00AC5535 /* NetworkError.swift */; };
		937710742BF5693C00AC5535 /* HTTPMethod.swift in Sources */ = {isa = PBXBuildFile; fileRef = 937710732BF5693C00AC5535 /* HTTPMethod.swift */; };
		9377107A2BF6675B00AC5535 /* Image+Extension.swift in Sources */ = {isa = PBXBuildFile; fileRef = 937710792BF6675B00AC5535 /* Image+Extension.swift */; };
		9377107C2BF6678D00AC5535 /* CardView.swift in Sources */ = {isa = PBXBuildFile; fileRef = 9377107B2BF6678D00AC5535 /* CardView.swift */; };
		937710802BF6692200AC5535 /* String+Extension.swift in Sources */ = {isa = PBXBuildFile; fileRef = 9377107F2BF6692200AC5535 /* String+Extension.swift */; };
		937710892BF6930C00AC5535 /* ErrorHandler.swift in Sources */ = {isa = PBXBuildFile; fileRef = 937710882BF6930C00AC5535 /* ErrorHandler.swift */; };
		9377108B2BF694C500AC5535 /* SplashScreenView.swift in Sources */ = {isa = PBXBuildFile; fileRef = 9377108A2BF694C500AC5535 /* SplashScreenView.swift */; };
/* End PBXBuildFile section */

/* Begin PBXContainerItemProxy section */
		9377100F2BF2BA9F00AC5535 /* PBXContainerItemProxy */ = {
			isa = PBXContainerItemProxy;
			containerPortal = 93770FF52BF2BA9D00AC5535 /* Project object */;
			proxyType = 1;
			remoteGlobalIDString = 93770FFC2BF2BA9D00AC5535;
			remoteInfo = "Pokedex Explorer";
		};
		937710192BF2BA9F00AC5535 /* PBXContainerItemProxy */ = {
			isa = PBXContainerItemProxy;
			containerPortal = 93770FF52BF2BA9D00AC5535 /* Project object */;
			proxyType = 1;
			remoteGlobalIDString = 93770FFC2BF2BA9D00AC5535;
			remoteInfo = "Pokedex Explorer";
		};
/* End PBXContainerItemProxy section */

/* Begin PBXFileReference section */
		93770FFD2BF2BA9D00AC5535 /* Pokedex Explorer.app */ = {isa = PBXFileReference; explicitFileType = wrapper.application; includeInIndex = 0; path = "Pokedex Explorer.app"; sourceTree = BUILT_PRODUCTS_DIR; };
		937710002BF2BA9D00AC5535 /* Pokedex_ExplorerApp.swift */ = {isa = PBXFileReference; lastKnownFileType = sourcecode.swift; path = Pokedex_ExplorerApp.swift; sourceTree = "<group>"; };
		937710042BF2BA9E00AC5535 /* Assets.xcassets */ = {isa = PBXFileReference; lastKnownFileType = folder.assetcatalog; path = Assets.xcassets; sourceTree = "<group>"; };
		937710062BF2BA9E00AC5535 /* Pokedex_Explorer.entitlements */ = {isa = PBXFileReference; lastKnownFileType = text.plist.entitlements; path = Pokedex_Explorer.entitlements; sourceTree = "<group>"; };
		937710082BF2BA9E00AC5535 /* Preview Assets.xcassets */ = {isa = PBXFileReference; lastKnownFileType = folder.assetcatalog; path = "Preview Assets.xcassets"; sourceTree = "<group>"; };
		9377100E2BF2BA9F00AC5535 /* Pokedex ExplorerTests.xctest */ = {isa = PBXFileReference; explicitFileType = wrapper.cfbundle; includeInIndex = 0; path = "Pokedex ExplorerTests.xctest"; sourceTree = BUILT_PRODUCTS_DIR; };
		937710122BF2BA9F00AC5535 /* HomeViewModelTests.swift */ = {isa = PBXFileReference; lastKnownFileType = sourcecode.swift; path = HomeViewModelTests.swift; sourceTree = "<group>"; };
		937710182BF2BA9F00AC5535 /* Pokedex ExplorerUITests.xctest */ = {isa = PBXFileReference; explicitFileType = wrapper.cfbundle; includeInIndex = 0; path = "Pokedex ExplorerUITests.xctest"; sourceTree = BUILT_PRODUCTS_DIR; };
		9377101C2BF2BA9F00AC5535 /* Pokedex_ExplorerUITests.swift */ = {isa = PBXFileReference; lastKnownFileType = sourcecode.swift; path = Pokedex_ExplorerUITests.swift; sourceTree = "<group>"; };
		9377101E2BF2BA9F00AC5535 /* Pokedex_ExplorerUITestsLaunchTests.swift */ = {isa = PBXFileReference; lastKnownFileType = sourcecode.swift; path = Pokedex_ExplorerUITestsLaunchTests.swift; sourceTree = "<group>"; };
		937710302BF3657200AC5535 /* NetworkManager.swift */ = {isa = PBXFileReference; lastKnownFileType = sourcecode.swift; path = NetworkManager.swift; sourceTree = "<group>"; };
		937710322BF368BA00AC5535 /* HomeView.swift */ = {isa = PBXFileReference; lastKnownFileType = sourcecode.swift; path = HomeView.swift; sourceTree = "<group>"; };
		9377103B2BF36B9100AC5535 /* HomeViewModel.swift */ = {isa = PBXFileReference; lastKnownFileType = sourcecode.swift; path = HomeViewModel.swift; sourceTree = "<group>"; };
		9377103D2BF3712500AC5535 /* Pokemons.swift */ = {isa = PBXFileReference; lastKnownFileType = sourcecode.swift; path = Pokemons.swift; sourceTree = "<group>"; };
		937710412BF3759B00AC5535 /* PokemonAPI.swift */ = {isa = PBXFileReference; lastKnownFileType = sourcecode.swift; path = PokemonAPI.swift; sourceTree = "<group>"; };
		9377104E2BF4B5B300AC5535 /* DetailView.swift */ = {isa = PBXFileReference; lastKnownFileType = sourcecode.swift; path = DetailView.swift; sourceTree = "<group>"; };
		937710502BF4B60200AC5535 /* DetailVIewModel.swift */ = {isa = PBXFileReference; lastKnownFileType = sourcecode.swift; path = DetailVIewModel.swift; sourceTree = "<group>"; };
		937710522BF4B7B600AC5535 /* PokemonDetails.swift */ = {isa = PBXFileReference; lastKnownFileType = sourcecode.swift; path = PokemonDetails.swift; sourceTree = "<group>"; };
		937710542BF4C2C100AC5535 /* PokemonImageView.swift */ = {isa = PBXFileReference; lastKnownFileType = sourcecode.swift; path = PokemonImageView.swift; sourceTree = "<group>"; };
		937710582BF4F5E000AC5535 /* StringProtocol+Extension.swift */ = {isa = PBXFileReference; lastKnownFileType = sourcecode.swift; path = "StringProtocol+Extension.swift"; sourceTree = "<group>"; };
		9377105B2BF4FA9100AC5535 /* ColorUtility.swift */ = {isa = PBXFileReference; lastKnownFileType = sourcecode.swift; path = ColorUtility.swift; sourceTree = "<group>"; };
		9377105E2BF5068B00AC5535 /* SortingOrder.swift */ = {isa = PBXFileReference; lastKnownFileType = sourcecode.swift; path = SortingOrder.swift; sourceTree = "<group>"; };
		937710602BF5114B00AC5535 /* UINavigationController+Extension.swift */ = {isa = PBXFileReference; lastKnownFileType = sourcecode.swift; path = "UINavigationController+Extension.swift"; sourceTree = "<group>"; };
		9377106D2BF562D300AC5535 /* DetailViewModelTests.swift */ = {isa = PBXFileReference; lastKnownFileType = sourcecode.swift; path = DetailViewModelTests.swift; sourceTree = "<group>"; };
		937710712BF5691B00AC5535 /* NetworkError.swift */ = {isa = PBXFileReference; lastKnownFileType = sourcecode.swift; path = NetworkError.swift; sourceTree = "<group>"; };
		937710732BF5693C00AC5535 /* HTTPMethod.swift */ = {isa = PBXFileReference; lastKnownFileType = sourcecode.swift; path = HTTPMethod.swift; sourceTree = "<group>"; };
		937710792BF6675B00AC5535 /* Image+Extension.swift */ = {isa = PBXFileReference; lastKnownFileType = sourcecode.swift; path = "Image+Extension.swift"; sourceTree = "<group>"; };
		9377107B2BF6678D00AC5535 /* CardView.swift */ = {isa = PBXFileReference; lastKnownFileType = sourcecode.swift; path = CardView.swift; sourceTree = "<group>"; };
		9377107F2BF6692200AC5535 /* String+Extension.swift */ = {isa = PBXFileReference; lastKnownFileType = sourcecode.swift; path = "String+Extension.swift"; sourceTree = "<group>"; };
		937710882BF6930C00AC5535 /* ErrorHandler.swift */ = {isa = PBXFileReference; lastKnownFileType = sourcecode.swift; path = ErrorHandler.swift; sourceTree = "<group>"; };
		9377108A2BF694C500AC5535 /* SplashScreenView.swift */ = {isa = PBXFileReference; lastKnownFileType = sourcecode.swift; path = SplashScreenView.swift; sourceTree = "<group>"; };
/* End PBXFileReference section */

/* Begin PBXFrameworksBuildPhase section */
		93770FFA2BF2BA9D00AC5535 /* Frameworks */ = {
			isa = PBXFrameworksBuildPhase;
			buildActionMask = 2147483647;
			files = (
				937710682BF5468100AC5535 /* Kingfisher in Frameworks */,
			);
			runOnlyForDeploymentPostprocessing = 0;
		};
		9377100B2BF2BA9F00AC5535 /* Frameworks */ = {
			isa = PBXFrameworksBuildPhase;
			buildActionMask = 2147483647;
			files = (
				9377106A2BF546A700AC5535 /* Kingfisher in Frameworks */,
			);
			runOnlyForDeploymentPostprocessing = 0;
		};
		937710152BF2BA9F00AC5535 /* Frameworks */ = {
			isa = PBXFrameworksBuildPhase;
			buildActionMask = 2147483647;
			files = (
				9377106C2BF546AD00AC5535 /* Kingfisher in Frameworks */,
			);
			runOnlyForDeploymentPostprocessing = 0;
		};
/* End PBXFrameworksBuildPhase section */

/* Begin PBXGroup section */
		93770FF42BF2BA9D00AC5535 = {
			isa = PBXGroup;
			children = (
				93770FFF2BF2BA9D00AC5535 /* Pokedex Explorer */,
				937710112BF2BA9F00AC5535 /* Pokedex ExplorerTests */,
				9377101B2BF2BA9F00AC5535 /* Pokedex ExplorerUITests */,
				93770FFE2BF2BA9D00AC5535 /* Products */,
				937710632BF5248000AC5535 /* Frameworks */,
			);
			sourceTree = "<group>";
		};
		93770FFE2BF2BA9D00AC5535 /* Products */ = {
			isa = PBXGroup;
			children = (
				93770FFD2BF2BA9D00AC5535 /* Pokedex Explorer.app */,
				9377100E2BF2BA9F00AC5535 /* Pokedex ExplorerTests.xctest */,
				937710182BF2BA9F00AC5535 /* Pokedex ExplorerUITests.xctest */,
			);
			name = Products;
			sourceTree = "<group>";
		};
		93770FFF2BF2BA9D00AC5535 /* Pokedex Explorer */ = {
			isa = PBXGroup;
			children = (
				9377105D2BF5067D00AC5535 /* Enums */,
				9377105A2BF4FA8300AC5535 /* Helpers */,
				9377102F2BF3655A00AC5535 /* Networking */,
				9377102D2BF2BAD800AC5535 /* Models */,
				9377102E2BF2BAE000AC5535 /* Extensions */,
				9377102C2BF2BACA00AC5535 /* Viewmodels */,
				9377102B2BF2BAC600AC5535 /* Views */,
				937710002BF2BA9D00AC5535 /* Pokedex_ExplorerApp.swift */,
				937710042BF2BA9E00AC5535 /* Assets.xcassets */,
				937710062BF2BA9E00AC5535 /* Pokedex_Explorer.entitlements */,
				937710072BF2BA9E00AC5535 /* Preview Content */,
			);
			path = "Pokedex Explorer";
			sourceTree = "<group>";
		};
		937710072BF2BA9E00AC5535 /* Preview Content */ = {
			isa = PBXGroup;
			children = (
				937710082BF2BA9E00AC5535 /* Preview Assets.xcassets */,
			);
			path = "Preview Content";
			sourceTree = "<group>";
		};
		937710112BF2BA9F00AC5535 /* Pokedex ExplorerTests */ = {
			isa = PBXGroup;
			children = (
				937710122BF2BA9F00AC5535 /* HomeViewModelTests.swift */,
				9377106D2BF562D300AC5535 /* DetailViewModelTests.swift */,
			);
			path = "Pokedex ExplorerTests";
			sourceTree = "<group>";
		};
		9377101B2BF2BA9F00AC5535 /* Pokedex ExplorerUITests */ = {
			isa = PBXGroup;
			children = (
				9377101C2BF2BA9F00AC5535 /* Pokedex_ExplorerUITests.swift */,
				9377101E2BF2BA9F00AC5535 /* Pokedex_ExplorerUITestsLaunchTests.swift */,
			);
			path = "Pokedex ExplorerUITests";
			sourceTree = "<group>";
		};
		9377102B2BF2BAC600AC5535 /* Views */ = {
			isa = PBXGroup;
			children = (
				937710762BF665F900AC5535 /* Details */,
				937710752BF665EF00AC5535 /* Home */,
				937710542BF4C2C100AC5535 /* PokemonImageView.swift */,
				9377108A2BF694C500AC5535 /* SplashScreenView.swift */,
			);
			path = Views;
			sourceTree = "<group>";
		};
		9377102C2BF2BACA00AC5535 /* Viewmodels */ = {
			isa = PBXGroup;
			children = (
				9377103B2BF36B9100AC5535 /* HomeViewModel.swift */,
				937710502BF4B60200AC5535 /* DetailVIewModel.swift */,
			);
			path = Viewmodels;
			sourceTree = "<group>";
		};
		9377102D2BF2BAD800AC5535 /* Models */ = {
			isa = PBXGroup;
			children = (
				9377103D2BF3712500AC5535 /* Pokemons.swift */,
				937710522BF4B7B600AC5535 /* PokemonDetails.swift */,
			);
			path = Models;
			sourceTree = "<group>";
		};
		9377102E2BF2BAE000AC5535 /* Extensions */ = {
			isa = PBXGroup;
			children = (
				937710582BF4F5E000AC5535 /* StringProtocol+Extension.swift */,
				937710602BF5114B00AC5535 /* UINavigationController+Extension.swift */,
				937710792BF6675B00AC5535 /* Image+Extension.swift */,
				9377107F2BF6692200AC5535 /* String+Extension.swift */,
			);
			path = Extensions;
			sourceTree = "<group>";
		};
		9377102F2BF3655A00AC5535 /* Networking */ = {
			isa = PBXGroup;
			children = (
				937710302BF3657200AC5535 /* NetworkManager.swift */,
				937710412BF3759B00AC5535 /* PokemonAPI.swift */,
			);
			path = Networking;
			sourceTree = "<group>";
		};
		9377105A2BF4FA8300AC5535 /* Helpers */ = {
			isa = PBXGroup;
			children = (
				9377105B2BF4FA9100AC5535 /* ColorUtility.swift */,
				937710882BF6930C00AC5535 /* ErrorHandler.swift */,
			);
			path = Helpers;
			sourceTree = "<group>";
		};
		9377105D2BF5067D00AC5535 /* Enums */ = {
			isa = PBXGroup;
			children = (
				9377105E2BF5068B00AC5535 /* SortingOrder.swift */,
				937710712BF5691B00AC5535 /* NetworkError.swift */,
				937710732BF5693C00AC5535 /* HTTPMethod.swift */,
			);
			path = Enums;
			sourceTree = "<group>";
		};
		937710632BF5248000AC5535 /* Frameworks */ = {
			isa = PBXGroup;
			children = (
			);
			name = Frameworks;
			sourceTree = "<group>";
		};
		937710752BF665EF00AC5535 /* Home */ = {
			isa = PBXGroup;
			children = (
				937710322BF368BA00AC5535 /* HomeView.swift */,
				9377107B2BF6678D00AC5535 /* CardView.swift */,
			);
			path = Home;
			sourceTree = "<group>";
		};
		937710762BF665F900AC5535 /* Details */ = {
			isa = PBXGroup;
			children = (
				9377104E2BF4B5B300AC5535 /* DetailView.swift */,
			);
			path = Details;
			sourceTree = "<group>";
		};
/* End PBXGroup section */

/* Begin PBXNativeTarget section */
		93770FFC2BF2BA9D00AC5535 /* Pokedex Explorer */ = {
			isa = PBXNativeTarget;
			buildConfigurationList = 937710222BF2BA9F00AC5535 /* Build configuration list for PBXNativeTarget "Pokedex Explorer" */;
			buildPhases = (
				93770FF92BF2BA9D00AC5535 /* Sources */,
				93770FFA2BF2BA9D00AC5535 /* Frameworks */,
				93770FFB2BF2BA9D00AC5535 /* Resources */,
			);
			buildRules = (
			);
			dependencies = (
			);
			name = "Pokedex Explorer";
			packageProductDependencies = (
				937710672BF5468100AC5535 /* Kingfisher */,
			);
			productName = "Pokedex Explorer";
			productReference = 93770FFD2BF2BA9D00AC5535 /* Pokedex Explorer.app */;
			productType = "com.apple.product-type.application";
		};
		9377100D2BF2BA9F00AC5535 /* Pokedex ExplorerTests */ = {
			isa = PBXNativeTarget;
			buildConfigurationList = 937710252BF2BA9F00AC5535 /* Build configuration list for PBXNativeTarget "Pokedex ExplorerTests" */;
			buildPhases = (
				9377100A2BF2BA9F00AC5535 /* Sources */,
				9377100B2BF2BA9F00AC5535 /* Frameworks */,
				9377100C2BF2BA9F00AC5535 /* Resources */,
			);
			buildRules = (
			);
			dependencies = (
				937710102BF2BA9F00AC5535 /* PBXTargetDependency */,
			);
			name = "Pokedex ExplorerTests";
			packageProductDependencies = (
				937710692BF546A700AC5535 /* Kingfisher */,
			);
			productName = "Pokedex ExplorerTests";
			productReference = 9377100E2BF2BA9F00AC5535 /* Pokedex ExplorerTests.xctest */;
			productType = "com.apple.product-type.bundle.unit-test";
		};
		937710172BF2BA9F00AC5535 /* Pokedex ExplorerUITests */ = {
			isa = PBXNativeTarget;
			buildConfigurationList = 937710282BF2BA9F00AC5535 /* Build configuration list for PBXNativeTarget "Pokedex ExplorerUITests" */;
			buildPhases = (
				937710142BF2BA9F00AC5535 /* Sources */,
				937710152BF2BA9F00AC5535 /* Frameworks */,
				937710162BF2BA9F00AC5535 /* Resources */,
			);
			buildRules = (
			);
			dependencies = (
				9377101A2BF2BA9F00AC5535 /* PBXTargetDependency */,
			);
			name = "Pokedex ExplorerUITests";
			packageProductDependencies = (
				9377106B2BF546AD00AC5535 /* Kingfisher */,
			);
			productName = "Pokedex ExplorerUITests";
			productReference = 937710182BF2BA9F00AC5535 /* Pokedex ExplorerUITests.xctest */;
			productType = "com.apple.product-type.bundle.ui-testing";
		};
/* End PBXNativeTarget section */

/* Begin PBXProject section */
		93770FF52BF2BA9D00AC5535 /* Project object */ = {
			isa = PBXProject;
			attributes = {
				BuildIndependentTargetsInParallel = 1;
				LastSwiftUpdateCheck = 1530;
				LastUpgradeCheck = 1530;
				TargetAttributes = {
					93770FFC2BF2BA9D00AC5535 = {
						CreatedOnToolsVersion = 15.3;
					};
					9377100D2BF2BA9F00AC5535 = {
						CreatedOnToolsVersion = 15.3;
						TestTargetID = 93770FFC2BF2BA9D00AC5535;
					};
					937710172BF2BA9F00AC5535 = {
						CreatedOnToolsVersion = 15.3;
						TestTargetID = 93770FFC2BF2BA9D00AC5535;
					};
				};
			};
			buildConfigurationList = 93770FF82BF2BA9D00AC5535 /* Build configuration list for PBXProject "Pokedex Explorer" */;
			compatibilityVersion = "Xcode 14.0";
			developmentRegion = en;
			hasScannedForEncodings = 0;
			knownRegions = (
				en,
				Base,
			);
			mainGroup = 93770FF42BF2BA9D00AC5535;
			packageReferences = (
				937710662BF5465C00AC5535 /* XCRemoteSwiftPackageReference "Kingfisher" */,
			);
			productRefGroup = 93770FFE2BF2BA9D00AC5535 /* Products */;
			projectDirPath = "";
			projectRoot = "";
			targets = (
				93770FFC2BF2BA9D00AC5535 /* Pokedex Explorer */,
				9377100D2BF2BA9F00AC5535 /* Pokedex ExplorerTests */,
				937710172BF2BA9F00AC5535 /* Pokedex ExplorerUITests */,
			);
		};
/* End PBXProject section */

/* Begin PBXResourcesBuildPhase section */
		93770FFB2BF2BA9D00AC5535 /* Resources */ = {
			isa = PBXResourcesBuildPhase;
			buildActionMask = 2147483647;
			files = (
				937710092BF2BA9E00AC5535 /* Preview Assets.xcassets in Resources */,
				937710052BF2BA9E00AC5535 /* Assets.xcassets in Resources */,
			);
			runOnlyForDeploymentPostprocessing = 0;
		};
		9377100C2BF2BA9F00AC5535 /* Resources */ = {
			isa = PBXResourcesBuildPhase;
			buildActionMask = 2147483647;
			files = (
			);
			runOnlyForDeploymentPostprocessing = 0;
		};
		937710162BF2BA9F00AC5535 /* Resources */ = {
			isa = PBXResourcesBuildPhase;
			buildActionMask = 2147483647;
			files = (
			);
			runOnlyForDeploymentPostprocessing = 0;
		};
/* End PBXResourcesBuildPhase section */

/* Begin PBXSourcesBuildPhase section */
		93770FF92BF2BA9D00AC5535 /* Sources */ = {
			isa = PBXSourcesBuildPhase;
			buildActionMask = 2147483647;
			files = (
				937710312BF3657200AC5535 /* NetworkManager.swift in Sources */,
				937710722BF5691B00AC5535 /* NetworkError.swift in Sources */,
				9377104F2BF4B5B300AC5535 /* DetailView.swift in Sources */,
				937710802BF6692200AC5535 /* String+Extension.swift in Sources */,
				937710612BF5114B00AC5535 /* UINavigationController+Extension.swift in Sources */,
				9377103E2BF3712500AC5535 /* Pokemons.swift in Sources */,
				937710332BF368BA00AC5535 /* HomeView.swift in Sources */,
				9377105C2BF4FA9100AC5535 /* ColorUtility.swift in Sources */,
				937710532BF4B7B600AC5535 /* PokemonDetails.swift in Sources */,
				937710552BF4C2C100AC5535 /* PokemonImageView.swift in Sources */,
				9377107A2BF6675B00AC5535 /* Image+Extension.swift in Sources */,
				9377107C2BF6678D00AC5535 /* CardView.swift in Sources */,
				9377105F2BF5068B00AC5535 /* SortingOrder.swift in Sources */,
				937710512BF4B60200AC5535 /* DetailVIewModel.swift in Sources */,
				9377108B2BF694C500AC5535 /* SplashScreenView.swift in Sources */,
				9377103C2BF36B9100AC5535 /* HomeViewModel.swift in Sources */,
				937710742BF5693C00AC5535 /* HTTPMethod.swift in Sources */,
				937710422BF3759B00AC5535 /* PokemonAPI.swift in Sources */,
				937710892BF6930C00AC5535 /* ErrorHandler.swift in Sources */,
				937710592BF4F5E000AC5535 /* StringProtocol+Extension.swift in Sources */,
				937710012BF2BA9D00AC5535 /* Pokedex_ExplorerApp.swift in Sources */,
			);
			runOnlyForDeploymentPostprocessing = 0;
		};
		9377100A2BF2BA9F00AC5535 /* Sources */ = {
			isa = PBXSourcesBuildPhase;
			buildActionMask = 2147483647;
			files = (
				937710132BF2BA9F00AC5535 /* HomeViewModelTests.swift in Sources */,
				9377106E2BF562D300AC5535 /* DetailViewModelTests.swift in Sources */,
			);
			runOnlyForDeploymentPostprocessing = 0;
		};
		937710142BF2BA9F00AC5535 /* Sources */ = {
			isa = PBXSourcesBuildPhase;
			buildActionMask = 2147483647;
			files = (
				9377101F2BF2BA9F00AC5535 /* Pokedex_ExplorerUITestsLaunchTests.swift in Sources */,
				9377101D2BF2BA9F00AC5535 /* Pokedex_ExplorerUITests.swift in Sources */,
			);
			runOnlyForDeploymentPostprocessing = 0;
		};
/* End PBXSourcesBuildPhase section */

/* Begin PBXTargetDependency section */
		937710102BF2BA9F00AC5535 /* PBXTargetDependency */ = {
			isa = PBXTargetDependency;
			target = 93770FFC2BF2BA9D00AC5535 /* Pokedex Explorer */;
			targetProxy = 9377100F2BF2BA9F00AC5535 /* PBXContainerItemProxy */;
		};
		9377101A2BF2BA9F00AC5535 /* PBXTargetDependency */ = {
			isa = PBXTargetDependency;
			target = 93770FFC2BF2BA9D00AC5535 /* Pokedex Explorer */;
			targetProxy = 937710192BF2BA9F00AC5535 /* PBXContainerItemProxy */;
		};
/* End PBXTargetDependency section */

/* Begin XCBuildConfiguration section */
		937710202BF2BA9F00AC5535 /* Debug */ = {
			isa = XCBuildConfiguration;
			buildSettings = {
				ALWAYS_SEARCH_USER_PATHS = NO;
				ASSETCATALOG_COMPILER_GENERATE_SWIFT_ASSET_SYMBOL_EXTENSIONS = YES;
				CLANG_ANALYZER_NONNULL = YES;
				CLANG_ANALYZER_NUMBER_OBJECT_CONVERSION = YES_AGGRESSIVE;
				CLANG_CXX_LANGUAGE_STANDARD = "gnu++20";
				CLANG_ENABLE_MODULES = YES;
				CLANG_ENABLE_OBJC_ARC = YES;
				CLANG_ENABLE_OBJC_WEAK = YES;
				CLANG_WARN_BLOCK_CAPTURE_AUTORELEASING = YES;
				CLANG_WARN_BOOL_CONVERSION = YES;
				CLANG_WARN_COMMA = YES;
				CLANG_WARN_CONSTANT_CONVERSION = YES;
				CLANG_WARN_DEPRECATED_OBJC_IMPLEMENTATIONS = YES;
				CLANG_WARN_DIRECT_OBJC_ISA_USAGE = YES_ERROR;
				CLANG_WARN_DOCUMENTATION_COMMENTS = YES;
				CLANG_WARN_EMPTY_BODY = YES;
				CLANG_WARN_ENUM_CONVERSION = YES;
				CLANG_WARN_INFINITE_RECURSION = YES;
				CLANG_WARN_INT_CONVERSION = YES;
				CLANG_WARN_NON_LITERAL_NULL_CONVERSION = YES;
				CLANG_WARN_OBJC_IMPLICIT_RETAIN_SELF = YES;
				CLANG_WARN_OBJC_LITERAL_CONVERSION = YES;
				CLANG_WARN_OBJC_ROOT_CLASS = YES_ERROR;
				CLANG_WARN_QUOTED_INCLUDE_IN_FRAMEWORK_HEADER = YES;
				CLANG_WARN_RANGE_LOOP_ANALYSIS = YES;
				CLANG_WARN_STRICT_PROTOTYPES = YES;
				CLANG_WARN_SUSPICIOUS_MOVE = YES;
				CLANG_WARN_UNGUARDED_AVAILABILITY = YES_AGGRESSIVE;
				CLANG_WARN_UNREACHABLE_CODE = YES;
				CLANG_WARN__DUPLICATE_METHOD_MATCH = YES;
				COPY_PHASE_STRIP = NO;
				DEBUG_INFORMATION_FORMAT = dwarf;
				ENABLE_STRICT_OBJC_MSGSEND = YES;
				ENABLE_TESTABILITY = YES;
				ENABLE_USER_SCRIPT_SANDBOXING = YES;
				GCC_C_LANGUAGE_STANDARD = gnu17;
				GCC_DYNAMIC_NO_PIC = NO;
				GCC_NO_COMMON_BLOCKS = YES;
				GCC_OPTIMIZATION_LEVEL = 0;
				GCC_PREPROCESSOR_DEFINITIONS = (
					"DEBUG=1",
					"$(inherited)",
				);
				GCC_WARN_64_TO_32_BIT_CONVERSION = YES;
				GCC_WARN_ABOUT_RETURN_TYPE = YES_ERROR;
				GCC_WARN_UNDECLARED_SELECTOR = YES;
				GCC_WARN_UNINITIALIZED_AUTOS = YES_AGGRESSIVE;
				GCC_WARN_UNUSED_FUNCTION = YES;
				GCC_WARN_UNUSED_VARIABLE = YES;
				LOCALIZATION_PREFERS_STRING_CATALOGS = YES;
				MTL_ENABLE_DEBUG_INFO = INCLUDE_SOURCE;
				MTL_FAST_MATH = YES;
				ONLY_ACTIVE_ARCH = YES;
				SWIFT_ACTIVE_COMPILATION_CONDITIONS = "DEBUG $(inherited)";
				SWIFT_OPTIMIZATION_LEVEL = "-Onone";
			};
			name = Debug;
		};
		937710212BF2BA9F00AC5535 /* Release */ = {
			isa = XCBuildConfiguration;
			buildSettings = {
				ALWAYS_SEARCH_USER_PATHS = NO;
				ASSETCATALOG_COMPILER_GENERATE_SWIFT_ASSET_SYMBOL_EXTENSIONS = YES;
				CLANG_ANALYZER_NONNULL = YES;
				CLANG_ANALYZER_NUMBER_OBJECT_CONVERSION = YES_AGGRESSIVE;
				CLANG_CXX_LANGUAGE_STANDARD = "gnu++20";
				CLANG_ENABLE_MODULES = YES;
				CLANG_ENABLE_OBJC_ARC = YES;
				CLANG_ENABLE_OBJC_WEAK = YES;
				CLANG_WARN_BLOCK_CAPTURE_AUTORELEASING = YES;
				CLANG_WARN_BOOL_CONVERSION = YES;
				CLANG_WARN_COMMA = YES;
				CLANG_WARN_CONSTANT_CONVERSION = YES;
				CLANG_WARN_DEPRECATED_OBJC_IMPLEMENTATIONS = YES;
				CLANG_WARN_DIRECT_OBJC_ISA_USAGE = YES_ERROR;
				CLANG_WARN_DOCUMENTATION_COMMENTS = YES;
				CLANG_WARN_EMPTY_BODY = YES;
				CLANG_WARN_ENUM_CONVERSION = YES;
				CLANG_WARN_INFINITE_RECURSION = YES;
				CLANG_WARN_INT_CONVERSION = YES;
				CLANG_WARN_NON_LITERAL_NULL_CONVERSION = YES;
				CLANG_WARN_OBJC_IMPLICIT_RETAIN_SELF = YES;
				CLANG_WARN_OBJC_LITERAL_CONVERSION = YES;
				CLANG_WARN_OBJC_ROOT_CLASS = YES_ERROR;
				CLANG_WARN_QUOTED_INCLUDE_IN_FRAMEWORK_HEADER = YES;
				CLANG_WARN_RANGE_LOOP_ANALYSIS = YES;
				CLANG_WARN_STRICT_PROTOTYPES = YES;
				CLANG_WARN_SUSPICIOUS_MOVE = YES;
				CLANG_WARN_UNGUARDED_AVAILABILITY = YES_AGGRESSIVE;
				CLANG_WARN_UNREACHABLE_CODE = YES;
				CLANG_WARN__DUPLICATE_METHOD_MATCH = YES;
				COPY_PHASE_STRIP = NO;
				DEBUG_INFORMATION_FORMAT = "dwarf-with-dsym";
				ENABLE_NS_ASSERTIONS = NO;
				ENABLE_STRICT_OBJC_MSGSEND = YES;
				ENABLE_USER_SCRIPT_SANDBOXING = YES;
				GCC_C_LANGUAGE_STANDARD = gnu17;
				GCC_NO_COMMON_BLOCKS = YES;
				GCC_WARN_64_TO_32_BIT_CONVERSION = YES;
				GCC_WARN_ABOUT_RETURN_TYPE = YES_ERROR;
				GCC_WARN_UNDECLARED_SELECTOR = YES;
				GCC_WARN_UNINITIALIZED_AUTOS = YES_AGGRESSIVE;
				GCC_WARN_UNUSED_FUNCTION = YES;
				GCC_WARN_UNUSED_VARIABLE = YES;
				LOCALIZATION_PREFERS_STRING_CATALOGS = YES;
				MTL_ENABLE_DEBUG_INFO = NO;
				MTL_FAST_MATH = YES;
				SWIFT_COMPILATION_MODE = wholemodule;
			};
			name = Release;
		};
		937710232BF2BA9F00AC5535 /* Debug */ = {
			isa = XCBuildConfiguration;
			buildSettings = {
				ASSETCATALOG_COMPILER_APPICON_NAME = AppIcon;
				ASSETCATALOG_COMPILER_GLOBAL_ACCENT_COLOR_NAME = AccentColor;
				CODE_SIGN_ENTITLEMENTS = "Pokedex Explorer/Pokedex_Explorer.entitlements";
				CODE_SIGN_STYLE = Automatic;
				CURRENT_PROJECT_VERSION = 1;
				DEVELOPMENT_ASSET_PATHS = "\"Pokedex Explorer/Preview Content\"";
				DEVELOPMENT_TEAM = DT7Q5YWA83;
				ENABLE_HARDENED_RUNTIME = YES;
				ENABLE_PREVIEWS = YES;
				GENERATE_INFOPLIST_FILE = YES;
				"INFOPLIST_KEY_UIApplicationSceneManifest_Generation[sdk=iphoneos*]" = YES;
				"INFOPLIST_KEY_UIApplicationSceneManifest_Generation[sdk=iphonesimulator*]" = YES;
				"INFOPLIST_KEY_UIApplicationSupportsIndirectInputEvents[sdk=iphoneos*]" = YES;
				"INFOPLIST_KEY_UIApplicationSupportsIndirectInputEvents[sdk=iphonesimulator*]" = YES;
				"INFOPLIST_KEY_UILaunchScreen_Generation[sdk=iphoneos*]" = YES;
				"INFOPLIST_KEY_UILaunchScreen_Generation[sdk=iphonesimulator*]" = YES;
				"INFOPLIST_KEY_UIStatusBarStyle[sdk=iphoneos*]" = UIStatusBarStyleDefault;
				"INFOPLIST_KEY_UIStatusBarStyle[sdk=iphonesimulator*]" = UIStatusBarStyleDefault;
				INFOPLIST_KEY_UISupportedInterfaceOrientations = UIInterfaceOrientationPortrait;
				IPHONEOS_DEPLOYMENT_TARGET = 17.4;
				LD_RUNPATH_SEARCH_PATHS = "@executable_path/Frameworks";
				"LD_RUNPATH_SEARCH_PATHS[sdk=macosx*]" = "@executable_path/../Frameworks";
				MACOSX_DEPLOYMENT_TARGET = 14.4;
				MARKETING_VERSION = 1.0;
				PRODUCT_BUNDLE_IDENTIFIER = "it.flatwhite.Pokedex-Explorer";
				PRODUCT_NAME = "$(TARGET_NAME)";
				SDKROOT = auto;
				SUPPORTED_PLATFORMS = "iphoneos iphonesimulator macosx";
				SWIFT_EMIT_LOC_STRINGS = YES;
				SWIFT_VERSION = 5.0;
				TARGETED_DEVICE_FAMILY = "1,2";
			};
			name = Debug;
		};
		937710242BF2BA9F00AC5535 /* Release */ = {
			isa = XCBuildConfiguration;
			buildSettings = {
				ASSETCATALOG_COMPILER_APPICON_NAME = AppIcon;
				ASSETCATALOG_COMPILER_GLOBAL_ACCENT_COLOR_NAME = AccentColor;
				CODE_SIGN_ENTITLEMENTS = "Pokedex Explorer/Pokedex_Explorer.entitlements";
				CODE_SIGN_STYLE = Automatic;
				CURRENT_PROJECT_VERSION = 1;
				DEVELOPMENT_ASSET_PATHS = "\"Pokedex Explorer/Preview Content\"";
				DEVELOPMENT_TEAM = DT7Q5YWA83;
				ENABLE_HARDENED_RUNTIME = YES;
				ENABLE_PREVIEWS = YES;
				GENERATE_INFOPLIST_FILE = YES;
				"INFOPLIST_KEY_UIApplicationSceneManifest_Generation[sdk=iphoneos*]" = YES;
				"INFOPLIST_KEY_UIApplicationSceneManifest_Generation[sdk=iphonesimulator*]" = YES;
				"INFOPLIST_KEY_UIApplicationSupportsIndirectInputEvents[sdk=iphoneos*]" = YES;
				"INFOPLIST_KEY_UIApplicationSupportsIndirectInputEvents[sdk=iphonesimulator*]" = YES;
				"INFOPLIST_KEY_UILaunchScreen_Generation[sdk=iphoneos*]" = YES;
				"INFOPLIST_KEY_UILaunchScreen_Generation[sdk=iphonesimulator*]" = YES;
				"INFOPLIST_KEY_UIStatusBarStyle[sdk=iphoneos*]" = UIStatusBarStyleDefault;
				"INFOPLIST_KEY_UIStatusBarStyle[sdk=iphonesimulator*]" = UIStatusBarStyleDefault;
				INFOPLIST_KEY_UISupportedInterfaceOrientations = UIInterfaceOrientationPortrait;
				IPHONEOS_DEPLOYMENT_TARGET = 17.4;
				LD_RUNPATH_SEARCH_PATHS = "@executable_path/Frameworks";
				"LD_RUNPATH_SEARCH_PATHS[sdk=macosx*]" = "@executable_path/../Frameworks";
				MACOSX_DEPLOYMENT_TARGET = 14.4;
				MARKETING_VERSION = 1.0;
				PRODUCT_BUNDLE_IDENTIFIER = "it.flatwhite.Pokedex-Explorer";
				PRODUCT_NAME = "$(TARGET_NAME)";
				SDKROOT = auto;
				SUPPORTED_PLATFORMS = "iphoneos iphonesimulator macosx";
				SWIFT_EMIT_LOC_STRINGS = YES;
				SWIFT_VERSION = 5.0;
				TARGETED_DEVICE_FAMILY = "1,2";
			};
			name = Release;
		};
		937710262BF2BA9F00AC5535 /* Debug */ = {
			isa = XCBuildConfiguration;
			buildSettings = {
				ALWAYS_EMBED_SWIFT_STANDARD_LIBRARIES = YES;
				BUNDLE_LOADER = "$(TEST_HOST)";
				CODE_SIGN_STYLE = Automatic;
				CURRENT_PROJECT_VERSION = 1;
				DEVELOPMENT_TEAM = DT7Q5YWA83;
				GENERATE_INFOPLIST_FILE = YES;
				IPHONEOS_DEPLOYMENT_TARGET = 17.4;
				MACOSX_DEPLOYMENT_TARGET = 14.4;
				MARKETING_VERSION = 1.0;
				PRODUCT_BUNDLE_IDENTIFIER = "it.flatwhite.Pokedex-ExplorerTests";
				PRODUCT_NAME = "$(TARGET_NAME)";
				SDKROOT = auto;
				SUPPORTED_PLATFORMS = "iphoneos iphonesimulator macosx";
				SWIFT_EMIT_LOC_STRINGS = NO;
				SWIFT_VERSION = 5.0;
				TARGETED_DEVICE_FAMILY = "1,2";
				TEST_HOST = "$(BUILT_PRODUCTS_DIR)/Pokedex Explorer.app/$(BUNDLE_EXECUTABLE_FOLDER_PATH)/Pokedex Explorer";
			};
			name = Debug;
		};
		937710272BF2BA9F00AC5535 /* Release */ = {
			isa = XCBuildConfiguration;
			buildSettings = {
				ALWAYS_EMBED_SWIFT_STANDARD_LIBRARIES = YES;
				BUNDLE_LOADER = "$(TEST_HOST)";
				CODE_SIGN_STYLE = Automatic;
				CURRENT_PROJECT_VERSION = 1;
				DEVELOPMENT_TEAM = DT7Q5YWA83;
				GENERATE_INFOPLIST_FILE = YES;
				IPHONEOS_DEPLOYMENT_TARGET = 17.4;
				MACOSX_DEPLOYMENT_TARGET = 14.4;
				MARKETING_VERSION = 1.0;
				PRODUCT_BUNDLE_IDENTIFIER = "it.flatwhite.Pokedex-ExplorerTests";
				PRODUCT_NAME = "$(TARGET_NAME)";
				SDKROOT = auto;
				SUPPORTED_PLATFORMS = "iphoneos iphonesimulator macosx";
				SWIFT_EMIT_LOC_STRINGS = NO;
				SWIFT_VERSION = 5.0;
				TARGETED_DEVICE_FAMILY = "1,2";
				TEST_HOST = "$(BUILT_PRODUCTS_DIR)/Pokedex Explorer.app/$(BUNDLE_EXECUTABLE_FOLDER_PATH)/Pokedex Explorer";
			};
			name = Release;
		};
		937710292BF2BA9F00AC5535 /* Debug */ = {
			isa = XCBuildConfiguration;
			buildSettings = {
				ALWAYS_EMBED_SWIFT_STANDARD_LIBRARIES = YES;
				CODE_SIGN_STYLE = Automatic;
				CURRENT_PROJECT_VERSION = 1;
				DEVELOPMENT_TEAM = DT7Q5YWA83;
				GENERATE_INFOPLIST_FILE = YES;
				IPHONEOS_DEPLOYMENT_TARGET = 17.4;
				MACOSX_DEPLOYMENT_TARGET = 14.4;
				MARKETING_VERSION = 1.0;
				PRODUCT_BUNDLE_IDENTIFIER = "it.flatwhite.Pokedex-ExplorerUITests";
				PRODUCT_NAME = "$(TARGET_NAME)";
				SDKROOT = auto;
				SUPPORTED_PLATFORMS = "iphoneos iphonesimulator macosx";
				SWIFT_EMIT_LOC_STRINGS = NO;
				SWIFT_VERSION = 5.0;
				TARGETED_DEVICE_FAMILY = "1,2";
				TEST_TARGET_NAME = "Pokedex Explorer";
			};
			name = Debug;
		};
		9377102A2BF2BA9F00AC5535 /* Release */ = {
			isa = XCBuildConfiguration;
			buildSettings = {
				ALWAYS_EMBED_SWIFT_STANDARD_LIBRARIES = YES;
				CODE_SIGN_STYLE = Automatic;
				CURRENT_PROJECT_VERSION = 1;
				DEVELOPMENT_TEAM = DT7Q5YWA83;
				GENERATE_INFOPLIST_FILE = YES;
				IPHONEOS_DEPLOYMENT_TARGET = 17.4;
				MACOSX_DEPLOYMENT_TARGET = 14.4;
				MARKETING_VERSION = 1.0;
				PRODUCT_BUNDLE_IDENTIFIER = "it.flatwhite.Pokedex-ExplorerUITests";
				PRODUCT_NAME = "$(TARGET_NAME)";
				SDKROOT = auto;
				SUPPORTED_PLATFORMS = "iphoneos iphonesimulator macosx";
				SWIFT_EMIT_LOC_STRINGS = NO;
				SWIFT_VERSION = 5.0;
				TARGETED_DEVICE_FAMILY = "1,2";
				TEST_TARGET_NAME = "Pokedex Explorer";
			};
			name = Release;
		};
/* End XCBuildConfiguration section */

/* Begin XCConfigurationList section */
		93770FF82BF2BA9D00AC5535 /* Build configuration list for PBXProject "Pokedex Explorer" */ = {
			isa = XCConfigurationList;
			buildConfigurations = (
				937710202BF2BA9F00AC5535 /* Debug */,
				937710212BF2BA9F00AC5535 /* Release */,
			);
			defaultConfigurationIsVisible = 0;
			defaultConfigurationName = Release;
		};
		937710222BF2BA9F00AC5535 /* Build configuration list for PBXNativeTarget "Pokedex Explorer" */ = {
			isa = XCConfigurationList;
			buildConfigurations = (
				937710232BF2BA9F00AC5535 /* Debug */,
				937710242BF2BA9F00AC5535 /* Release */,
			);
			defaultConfigurationIsVisible = 0;
			defaultConfigurationName = Release;
		};
		937710252BF2BA9F00AC5535 /* Build configuration list for PBXNativeTarget "Pokedex ExplorerTests" */ = {
			isa = XCConfigurationList;
			buildConfigurations = (
				937710262BF2BA9F00AC5535 /* Debug */,
				937710272BF2BA9F00AC5535 /* Release */,
			);
			defaultConfigurationIsVisible = 0;
			defaultConfigurationName = Release;
		};
		937710282BF2BA9F00AC5535 /* Build configuration list for PBXNativeTarget "Pokedex ExplorerUITests" */ = {
			isa = XCConfigurationList;
			buildConfigurations = (
				937710292BF2BA9F00AC5535 /* Debug */,
				9377102A2BF2BA9F00AC5535 /* Release */,
			);
			defaultConfigurationIsVisible = 0;
			defaultConfigurationName = Release;
		};
/* End XCConfigurationList section */

/* Begin XCRemoteSwiftPackageReference section */
		937710662BF5465C00AC5535 /* XCRemoteSwiftPackageReference "Kingfisher" */ = {
			isa = XCRemoteSwiftPackageReference;
			repositoryURL = "https://github.com/onevcat/Kingfisher";
			requirement = {
				kind = upToNextMajorVersion;
				minimumVersion = 7.11.0;
			};
		};
/* End XCRemoteSwiftPackageReference section */

/* Begin XCSwiftPackageProductDependency section */
		937710672BF5468100AC5535 /* Kingfisher */ = {
			isa = XCSwiftPackageProductDependency;
			package = 937710662BF5465C00AC5535 /* XCRemoteSwiftPackageReference "Kingfisher" */;
			productName = Kingfisher;
		};
		937710692BF546A700AC5535 /* Kingfisher */ = {
			isa = XCSwiftPackageProductDependency;
			package = 937710662BF5465C00AC5535 /* XCRemoteSwiftPackageReference "Kingfisher" */;
			productName = Kingfisher;
		};
		9377106B2BF546AD00AC5535 /* Kingfisher */ = {
			isa = XCSwiftPackageProductDependency;
			package = 937710662BF5465C00AC5535 /* XCRemoteSwiftPackageReference "Kingfisher" */;
			productName = Kingfisher;
		};
/* End XCSwiftPackageProductDependency section */
	};
	rootObject = 93770FF52BF2BA9D00AC5535 /* Project object */;
}
